// !$*UTF8*$!
{
	archiveVersion = 1;
	classes = {
	};
	objectVersion = 50;
	objects = {

/* Begin PBXBuildFile section */
		9AF2656B250A4DFB00951EAF /* AppDelegate.swift in Sources */ = {isa = PBXBuildFile; fileRef = 9AF2656A250A4DFB00951EAF /* AppDelegate.swift */; };
		9AF2656D250A4DFB00951EAF /* SceneDelegate.swift in Sources */ = {isa = PBXBuildFile; fileRef = 9AF2656C250A4DFB00951EAF /* SceneDelegate.swift */; };
		9AF2656F250A4DFB00951EAF /* ViewController.swift in Sources */ = {isa = PBXBuildFile; fileRef = 9AF2656E250A4DFB00951EAF /* ViewController.swift */; };
		9AF26572250A4DFB00951EAF /* Main.storyboard in Resources */ = {isa = PBXBuildFile; fileRef = 9AF26570250A4DFB00951EAF /* Main.storyboard */; };
		9AF26574250A4E0000951EAF /* Assets.xcassets in Resources */ = {isa = PBXBuildFile; fileRef = 9AF26573250A4E0000951EAF /* Assets.xcassets */; };
		9AF26577250A4E0000951EAF /* LaunchScreen.storyboard in Resources */ = {isa = PBXBuildFile; fileRef = 9AF26575250A4E0000951EAF /* LaunchScreen.storyboard */; };
/* End PBXBuildFile section */

/* Begin PBXFileReference section */
		9AF26567250A4DFB00951EAF /* Test_Neversitup.app */ = {isa = PBXFileReference; explicitFileType = wrapper.application; includeInIndex = 0; path = Test_Neversitup.app; sourceTree = BUILT_PRODUCTS_DIR; };
		9AF2656A250A4DFB00951EAF /* AppDelegate.swift */ = {isa = PBXFileReference; lastKnownFileType = sourcecode.swift; path = AppDelegate.swift; sourceTree = "<group>"; };
		9AF2656C250A4DFB00951EAF /* SceneDelegate.swift */ = {isa = PBXFileReference; lastKnownFileType = sourcecode.swift; path = SceneDelegate.swift; sourceTree = "<group>"; };
		9AF2656E250A4DFB00951EAF /* ViewController.swift */ = {isa = PBXFileReference; lastKnownFileType = sourcecode.swift; path = ViewController.swift; sourceTree = "<group>"; };
		9AF26571250A4DFB00951EAF /* Base */ = {isa = PBXFileReference; lastKnownFileType = file.storyboard; name = Base; path = Base.lproj/Main.storyboard; sourceTree = "<group>"; };
		9AF26573250A4E0000951EAF /* Assets.xcassets */ = {isa = PBXFileReference; lastKnownFileType = folder.assetcatalog; path = Assets.xcassets; sourceTree = "<group>"; };
		9AF26576250A4E0000951EAF /* Base */ = {isa = PBXFileReference; lastKnownFileType = file.storyboard; name = Base; path = Base.lproj/LaunchScreen.storyboard; sourceTree = "<group>"; };
		9AF26578250A4E0000951EAF /* Info.plist */ = {isa = PBXFileReference; lastKnownFileType = text.plist.xml; path = Info.plist; sourceTree = "<group>"; };
/* End PBXFileReference section */

/* Begin PBXFrameworksBuildPhase section */
		9AF26564250A4DFB00951EAF /* Frameworks */ = {
			isa = PBXFrameworksBuildPhase;
			buildActionMask = 2147483647;
			files = (
			);
			runOnlyForDeploymentPostprocessing = 0;
		};
/* End PBXFrameworksBuildPhase section */

/* Begin PBXGroup section */
		9AF2655E250A4DFB00951EAF = {
			isa = PBXGroup;
			children = (
				9AF26569250A4DFB00951EAF /* Test_Neversitup */,
				9AF26568250A4DFB00951EAF /* Products */,
			);
			sourceTree = "<group>";
		};
		9AF26568250A4DFB00951EAF /* Products */ = {
			isa = PBXGroup;
			children = (
				9AF26567250A4DFB00951EAF /* Test_Neversitup.app */,
			);
			name = Products;
			sourceTree = "<group>";
		};
		9AF26569250A4DFB00951EAF /* Test_Neversitup */ = {
			isa = PBXGroup;
			children = (
				9AF2656A250A4DFB00951EAF /* AppDelegate.swift */,
				9AF2656C250A4DFB00951EAF /* SceneDelegate.swift */,
				9AF2656E250A4DFB00951EAF /* ViewController.swift */,
				9AF26570250A4DFB00951EAF /* Main.storyboard */,
				9AF26573250A4E0000951EAF /* Assets.xcassets */,
				9AF26575250A4E0000951EAF /* LaunchScreen.storyboard */,
				9AF26578250A4E0000951EAF /* Info.plist */,
			);
			path = Test_Neversitup;
			sourceTree = "<group>";
		};
/* End PBXGroup section */

/* Begin PBXNativeTarget section */
		9AF26566250A4DFB00951EAF /* Test_Neversitup */ = {
			isa = PBXNativeTarget;
			buildConfigurationList = 9AF2657B250A4E0000951EAF /* Build configuration list for PBXNativeTarget "Test_Neversitup" */;
			buildPhases = (
				9AF26563250A4DFB00951EAF /* Sources */,
				9AF26564250A4DFB00951EAF /* Frameworks */,
				9AF26565250A4DFB00951EAF /* Resources */,
			);
			buildRules = (
			);
			dependencies = (
			);
			name = Test_Neversitup;
			productName = Test_Neversitup;
			productReference = 9AF26567250A4DFB00951EAF /* Test_Neversitup.app */;
			productType = "com.apple.product-type.application";
		};
/* End PBXNativeTarget section */

/* Begin PBXProject section */
		9AF2655F250A4DFB00951EAF /* Project object */ = {
			isa = PBXProject;
			attributes = {
				LastSwiftUpdateCheck = 1170;
				LastUpgradeCheck = 1170;
				ORGANIZATIONNAME = Nutthapoom;
				TargetAttributes = {
					9AF26566250A4DFB00951EAF = {
						CreatedOnToolsVersion = 11.7;
					};
				};
			};
			buildConfigurationList = 9AF26562250A4DFB00951EAF /* Build configuration list for PBXProject "Test_Neversitup" */;
			compatibilityVersion = "Xcode 9.3";
			developmentRegion = en;
			hasScannedForEncodings = 0;
			knownRegions = (
				en,
				Base,
			);
			mainGroup = 9AF2655E250A4DFB00951EAF;
			productRefGroup = 9AF26568250A4DFB00951EAF /* Products */;
			projectDirPath = "";
			projectRoot = "";
			targets = (
				9AF26566250A4DFB00951EAF /* Test_Neversitup */,
			);
		};
/* End PBXProject section */

/* Begin PBXResourcesBuildPhase section */
		9AF26565250A4DFB00951EAF /* Resources */ = {
			isa = PBXResourcesBuildPhase;
			buildActionMask = 2147483647;
			files = (
				9AF26577250A4E0000951EAF /* LaunchScreen.storyboard in Resources */,
				9AF26574250A4E0000951EAF /* Assets.xcassets in Resources */,
				9AF26572250A4DFB00951EAF /* Main.storyboard in Resources */,
			);
			runOnlyForDeploymentPostprocessing = 0;
		};
/* End PBXResourcesBuildPhase section */

/* Begin PBXSourcesBuildPhase section */
		9AF26563250A4DFB00951EAF /* Sources */ = {
			isa = PBXSourcesBuildPhase;
			buildActionMask = 2147483647;
			files = (
				9AF2656F250A4DFB00951EAF /* ViewController.swift in Sources */,
				9AF2656B250A4DFB00951EAF /* AppDelegate.swift in Sources */,
				9AF2656D250A4DFB00951EAF /* SceneDelegate.swift in Sources */,
			);
			runOnlyForDeploymentPostprocessing = 0;
		};
/* End PBXSourcesBuildPhase section */

/* Begin PBXVariantGroup section */
		9AF26570250A4DFB00951EAF /* Main.storyboard */ = {
			isa = PBXVariantGroup;
			children = (
				9AF26571250A4DFB00951EAF /* Base */,
			);
			name = Main.storyboard;
			sourceTree = "<group>";
		};
		9AF26575250A4E0000951EAF /* LaunchScreen.storyboard */ = {
			isa = PBXVariantGroup;
			children = (
				9AF26576250A4E0000951EAF /* Base */,
			);
			name = LaunchScreen.storyboard;
			sourceTree = "<group>";
		};
/* End PBXVariantGroup section */

/* Begin XCBuildConfiguration section */
		9AF26579250A4E0000951EAF /* Debug */ = {
			isa = XCBuildConfiguration;
			buildSettings = {
				ALWAYS_SEARCH_USER_PATHS = NO;
				CLANG_ANALYZER_NONNULL = YES;
				CLANG_ANALYZER_NUMBER_OBJECT_CONVERSION = YES_AGGRESSIVE;
				CLANG_CXX_LANGUAGE_STANDARD = "gnu++14";
				CLANG_CXX_LIBRARY = "libc++";
				CLANG_ENABLE_MODULES = YES;
				CLANG_ENABLE_OBJC_ARC = YES;
				CLANG_ENABLE_OBJC_WEAK = YES;
				CLANG_WARN_BLOCK_CAPTURE_AUTORELEASING = YES;
				CLANG_WARN_BOOL_CONVERSION = YES;
				CLANG_WARN_COMMA = YES;
				CLANG_WARN_CONSTANT_CONVERSION = YES;
				CLANG_WARN_DEPRECATED_OBJC_IMPLEMENTATIONS = YES;
				CLANG_WARN_DIRECT_OBJC_ISA_USAGE = YES_ERROR;
				CLANG_WARN_DOCUMENTATION_COMMENTS = YES;
				CLANG_WARN_EMPTY_BODY = YES;
				CLANG_WARN_ENUM_CONVERSION = YES;
				CLANG_WARN_INFINITE_RECURSION = YES;
				CLANG_WARN_INT_CONVERSION = YES;
				CLANG_WARN_NON_LITERAL_NULL_CONVERSION = YES;
				CLANG_WARN_OBJC_IMPLICIT_RETAIN_SELF = YES;
				CLANG_WARN_OBJC_LITERAL_CONVERSION = YES;
				CLANG_WARN_OBJC_ROOT_CLASS = YES_ERROR;
				CLANG_WARN_RANGE_LOOP_ANALYSIS = YES;
				CLANG_WARN_STRICT_PROTOTYPES = YES;
				CLANG_WARN_SUSPICIOUS_MOVE = YES;
				CLANG_WARN_UNGUARDED_AVAILABILITY = YES_AGGRESSIVE;
				CLANG_WARN_UNREACHABLE_CODE = YES;
				CLANG_WARN__DUPLICATE_METHOD_MATCH = YES;
				COPY_PHASE_STRIP = NO;
				DEBUG_INFORMATION_FORMAT = dwarf;
				ENABLE_STRICT_OBJC_MSGSEND = YES;
				ENABLE_TESTABILITY = YES;
				GCC_C_LANGUAGE_STANDARD = gnu11;
				GCC_DYNAMIC_NO_PIC = NO;
				GCC_NO_COMMON_BLOCKS = YES;
				GCC_OPTIMIZATION_LEVEL = 0;
				GCC_PREPROCESSOR_DEFINITIONS = (
					"DEBUG=1",
					"$(inherited)",
				);
				GCC_WARN_64_TO_32_BIT_CONVERSION = YES;
				GCC_WARN_ABOUT_RETURN_TYPE = YES_ERROR;
				GCC_WARN_UNDECLARED_SELECTOR = YES;
				GCC_WARN_UNINITIALIZED_AUTOS = YES_AGGRESSIVE;
				GCC_WARN_UNUSED_FUNCTION = YES;
				GCC_WARN_UNUSED_VARIABLE = YES;
				IPHONEOS_DEPLOYMENT_TARGET = 13.7;
				MTL_ENABLE_DEBUG_INFO = INCLUDE_SOURCE;
				MTL_FAST_MATH = YES;
				ONLY_ACTIVE_ARCH = YES;
				SDKROOT = iphoneos;
				SWIFT_ACTIVE_COMPILATION_CONDITIONS = DEBUG;
				SWIFT_OPTIMIZATION_LEVEL = "-Onone";
			};
			name = Debug;
		};
		9AF2657A250A4E0000951EAF /* Release */ = {
			isa = XCBuildConfiguration;
			buildSettings = {
				ALWAYS_SEARCH_USER_PATHS = NO;
				CLANG_ANALYZER_NONNULL = YES;
				CLANG_ANALYZER_NUMBER_OBJECT_CONVERSION = YES_AGGRESSIVE;
				CLANG_CXX_LANGUAGE_STANDARD = "gnu++14";
				CLANG_CXX_LIBRARY = "libc++";
				CLANG_ENABLE_MODULES = YES;
				CLANG_ENABLE_OBJC_ARC = YES;
				CLANG_ENABLE_OBJC_WEAK = YES;
				CLANG_WARN_BLOCK_CAPTURE_AUTORELEASING = YES;
				CLANG_WARN_BOOL_CONVERSION = YES;
				CLANG_WARN_COMMA = YES;
				CLANG_WARN_CONSTANT_CONVERSION = YES;
				CLANG_WARN_DEPRECATED_OBJC_IMPLEMENTATIONS = YES;
				CLANG_WARN_DIRECT_OBJC_ISA_USAGE = YES_ERROR;
				CLANG_WARN_DOCUMENTATION_COMMENTS = YES;
				CLANG_WARN_EMPTY_BODY = YES;
				CLANG_WARN_ENUM_CONVERSION = YES;
				CLANG_WARN_INFINITE_RECURSION = YES;
				CLANG_WARN_INT_CONVERSION = YES;
				CLANG_WARN_NON_LITERAL_NULL_CONVERSION = YES;
				CLANG_WARN_OBJC_IMPLICIT_RETAIN_SELF = YES;
				CLANG_WARN_OBJC_LITERAL_CONVERSION = YES;
				CLANG_WARN_OBJC_ROOT_CLASS = YES_ERROR;
				CLANG_WARN_RANGE_LOOP_ANALYSIS = YES;
				CLANG_WARN_STRICT_PROTOTYPES = YES;
				CLANG_WARN_SUSPICIOUS_MOVE = YES;
				CLANG_WARN_UNGUARDED_AVAILABILITY = YES_AGGRESSIVE;
				CLANG_WARN_UNREACHABLE_CODE = YES;
				CLANG_WARN__DUPLICATE_METHOD_MATCH = YES;
				COPY_PHASE_STRIP = NO;
				DEBUG_INFORMATION_FORMAT = "dwarf-with-dsym";
				ENABLE_NS_ASSERTIONS = NO;
				ENABLE_STRICT_OBJC_MSGSEND = YES;
				GCC_C_LANGUAGE_STANDARD = gnu11;
				GCC_NO_COMMON_BLOCKS = YES;
				GCC_WARN_64_TO_32_BIT_CONVERSION = YES;
				GCC_WARN_ABOUT_RETURN_TYPE = YES_ERROR;
				GCC_WARN_UNDECLARED_SELECTOR = YES;
				GCC_WARN_UNINITIALIZED_AUTOS = YES_AGGRESSIVE;
				GCC_WARN_UNUSED_FUNCTION = YES;
				GCC_WARN_UNUSED_VARIABLE = YES;
				IPHONEOS_DEPLOYMENT_TARGET = 13.7;
				MTL_ENABLE_DEBUG_INFO = NO;
				MTL_FAST_MATH = YES;
				SDKROOT = iphoneos;
				SWIFT_COMPILATION_MODE = wholemodule;
				SWIFT_OPTIMIZATION_LEVEL = "-O";
				VALIDATE_PRODUCT = YES;
			};
			name = Release;
		};
		9AF2657C250A4E0000951EAF /* Debug */ = {
			isa = XCBuildConfiguration;
			buildSettings = {
				ASSETCATALOG_COMPILER_APPICON_NAME = AppIcon;
				CODE_SIGN_STYLE = Automatic;
				DEVELOPMENT_TEAM = SR9Z8FZB5C;
				INFOPLIST_FILE = Test_Neversitup/Info.plist;
				LD_RUNPATH_SEARCH_PATHS = (
					"$(inherited)",
					"@executable_path/Frameworks",
				);
				PRODUCT_BUNDLE_IDENTIFIER = "com.nutthapoom.Test-Neversitup";
				PRODUCT_NAME = "$(TARGET_NAME)";
				SWIFT_VERSION = 5.0;
				TARGETED_DEVICE_FAMILY = "1,2";
			};
			name = Debug;
		};
		9AF2657D250A4E0000951EAF /* Release */ = {
			isa = XCBuildConfiguration;
			buildSettings = {
				ASSETCATALOG_COMPILER_APPICON_NAME = AppIcon;
				CODE_SIGN_STYLE = Automatic;
				DEVELOPMENT_TEAM = SR9Z8FZB5C;
				INFOPLIST_FILE = Test_Neversitup/Info.plist;
				LD_RUNPATH_SEARCH_PATHS = (
					"$(inherited)",
					"@executable_path/Frameworks",
				);
				PRODUCT_BUNDLE_IDENTIFIER = "com.nutthapoom.Test-Neversitup";
				PRODUCT_NAME = "$(TARGET_NAME)";
				SWIFT_VERSION = 5.0;
				TARGETED_DEVICE_FAMILY = "1,2";
			};
			name = Release;
		};
/* End XCBuildConfiguration section */

/* Begin XCConfigurationList section */
		9AF26562250A4DFB00951EAF /* Build configuration list for PBXProject "Test_Neversitup" */ = {
			isa = XCConfigurationList;
			buildConfigurations = (
				9AF26579250A4E0000951EAF /* Debug */,
				9AF2657A250A4E0000951EAF /* Release */,
			);
			defaultConfigurationIsVisible = 0;
			defaultConfigurationName = Release;
		};
		9AF2657B250A4E0000951EAF /* Build configuration list for PBXNativeTarget "Test_Neversitup" */ = {
			isa = XCConfigurationList;
			buildConfigurations = (
				9AF2657C250A4E0000951EAF /* Debug */,
				9AF2657D250A4E0000951EAF /* Release */,
			);
			defaultConfigurationIsVisible = 0;
			defaultConfigurationName = Release;
		};
/* End XCConfigurationList section */
	};
	rootObject = 9AF2655F250A4DFB00951EAF /* Project object */;
}
